
Microsoft Visual Studio Solution File, Format Version 12.00
# Visual Studio Version 17
VisualStudioVersion = 17.12.35521.163 d17.12
MinimumVisualStudioVersion = 10.0.40219.1
Project("{FAE04EC0-301F-11D3-BF4B-00C04F79EFBC}") = "GUI", "WindowsFormsApp1\GUI.csproj", "{DAA80E9D-B1C3-4AE4-A770-9B142BE5F4D4}"
EndProject
Project("{FAE04EC0-301F-11D3-BF4B-00C04F79EFBC}") = "BUS", "BUS\BUS.csproj", "{04E4250E-1278-40D8-8495-67651BB18F4D}"
EndProject
Project("{FAE04EC0-301F-11D3-BF4B-00C04F79EFBC}") = "DAL", "DAL\DAL.csproj", "{863B6F89-FE23-4076-AC71-1437CB444FFB}"
EndProject
Global
	GlobalSection(SolutionConfigurationPlatforms) = preSolution
		Debug|Any CPU = Debug|Any CPU
		Release|Any CPU = Release|Any CPU
	EndGlobalSection
	GlobalSection(ProjectConfigurationPlatforms) = postSolution
		{DAA80E9D-B1C3-4AE4-A770-9B142BE5F4D4}.Debug|Any CPU.ActiveCfg = Debug|Any CPU
		{DAA80E9D-B1C3-4AE4-A770-9B142BE5F4D4}.Debug|Any CPU.Build.0 = Debug|Any CPU
		{DAA80E9D-B1C3-4AE4-A770-9B142BE5F4D4}.Release|Any CPU.ActiveCfg = Release|Any CPU
		{DAA80E9D-B1C3-4AE4-A770-9B142BE5F4D4}.Release|Any CPU.Build.0 = Release|Any CPU
		{04E4250E-1278-40D8-8495-67651BB18F4D}.Debug|Any CPU.ActiveCfg = Debug|Any CPU
		{04E4250E-1278-40D8-8495-67651BB18F4D}.Debug|Any CPU.Build.0 = Debug|Any CPU
		{04E4250E-1278-40D8-8495-67651BB18F4D}.Release|Any CPU.ActiveCfg = Release|Any CPU
		{04E4250E-1278-40D8-8495-67651BB18F4D}.Release|Any CPU.Build.0 = Release|Any CPU
		{863B6F89-FE23-4076-AC71-1437CB444FFB}.Debug|Any CPU.ActiveCfg = Debug|Any CPU
		{863B6F89-FE23-4076-AC71-1437CB444FFB}.Debug|Any CPU.Build.0 = Debug|Any CPU
		{863B6F89-FE23-4076-AC71-1437CB444FFB}.Release|Any CPU.ActiveCfg = Release|Any CPU
		{863B6F89-FE23-4076-AC71-1437CB444FFB}.Release|Any CPU.Build.0 = Release|Any CPU
	EndGlobalSection
	GlobalSection(SolutionProperties) = preSolution
		HideSolutionNode = FALSE
	EndGlobalSection
EndGlobal
